<?xml version="1.0" encoding="utf-8"?>
<Project ToolsVersion="4.0" xmlns="http://schemas.microsoft.com/developer/msbuild/2003">
  <ItemGroup>
    <Filter Include="Source Files">
      <UniqueIdentifier>{4FC737F1-C7A5-4376-A066-2A32D752A2FF}</UniqueIdentifier>
      <Extensions>cpp;c;cc;cxx;c++;cppm;ixx;def;odl;idl;hpj;bat;asm;asmx</Extensions>
    </Filter>
    <Filter Include="Header Files">
      <UniqueIdentifier>{93995380-89BD-4b04-88EB-625FBE52EBFB}</UniqueIdentifier>
      <Extensions>h;hh;hpp;hxx;h++;hm;inl;inc;ipp;xsd</Extensions>
    </Filter>
    <Filter Include="Resource Files">
      <UniqueIdentifier>{67DA6AB6-F800-4c08-8B7A-83BB121AAD01}</UniqueIdentifier>
      <Extensions>rc;ico;cur;bmp;dlg;rc2;rct;bin;rgs;gif;jpg;jpeg;jpe;resx;tiff;tif;png;wav;mfcribbon-ms</Extensions>
    </Filter>
  </ItemGroup>
  <ItemGroup>
    <ClCompile Include="TopKFrequent_int.cpp">
      <Filter>Source Files</Filter>
    </ClCompile>
    <ClCompile Include="RemoveDuplicates_sorted.cpp">
      <Filter>Source Files</Filter>
    </ClCompile>
    <ClCompile Include="RemoveDuplicates_sorted_at_max_2.cpp">
      <Filter>Source Files</Filter>
    </ClCompile>
    <ClCompile Include="ProductOfArrayExceptSelf.cpp">
      <Filter>Source Files</Filter>
    </ClCompile>
    <ClCompile Include="SearchInRotatedSortedArray.cpp">
      <Filter>Source Files</Filter>
    </ClCompile>
    <ClCompile Include="Valid_Parenthesis.cpp">
      <Filter>Source Files</Filter>
    </ClCompile>
    <ClCompile Include="Jump_to_the_END.cpp">
      <Filter>Source Files</Filter>
    </ClCompile>
    <ClCompile Include="Group_anagrams.cpp">
      <Filter>Source Files</Filter>
    </ClCompile>
    <ClCompile Include="GasStation.cpp">
      <Filter>Source Files</Filter>
    </ClCompile>
    <ClCompile Include="RotateArray.cpp">
      <Filter>Source Files</Filter>
    </ClCompile>
    <ClCompile Include="CandyDistributionRatings.cpp">
      <Filter>Source Files</Filter>
    </ClCompile>
    <ClCompile Include="RemoveNthNodeFromEnd.cpp">
      <Filter>Source Files</Filter>
    </ClCompile>
    <ClCompile Include="LRU_DLLD_hashmap_dummy.cpp">
      <Filter>Source Files</Filter>
    </ClCompile>
    <ClCompile Include="climbing_stairs.cpp">
      <Filter>Source Files</Filter>
    </ClCompile>
    <ClCompile Include="CoinChangeMin.cpp">
      <Filter>Source Files</Filter>
    </ClCompile>
    <ClCompile Include="CoinChange_printActualCoinUsed.cpp">
      <Filter>Source Files</Filter>
    </ClCompile>
    <ClCompile Include="CoinChange_ExactlyOnce.cpp">
      <Filter>Source Files</Filter>
    </ClCompile>
    <ClCompile Include="CoinChange_BFS.cpp">
      <Filter>Source Files</Filter>
    </ClCompile>
    <ClCompile Include="0_1_knapsack_1D_dp.cpp">
      <Filter>Source Files</Filter>
    </ClCompile>
    <ClCompile Include="LCS_DP_Bottom_up_2D.cpp">
      <Filter>Source Files</Filter>
    </ClCompile>
    <ClCompile Include="LCS_DP_Bottom_up_1D.cpp">
      <Filter>Source Files</Filter>
    </ClCompile>
    <ClCompile Include="TreeTraversal_Preorder.cpp">
      <Filter>Source Files</Filter>
    </ClCompile>
    <ClCompile Include="Tree_traversal_BFS.cpp">
      <Filter>Source Files</Filter>
    </ClCompile>
    <ClCompile Include="TreeTraversal_Inorder.cpp">
      <Filter>Source Files</Filter>
    </ClCompile>
    <ClCompile Include="TreeTraversal_PostOrder.cpp">
      <Filter>Source Files</Filter>
    </ClCompile>
    <ClCompile Include="Morris_Traversal.cpp">
      <Filter>Source Files</Filter>
    </ClCompile>
    <ClCompile Include="Two_sum_sorted.cpp">
      <Filter>Source Files</Filter>
    </ClCompile>
    <ClCompile Include="Two-sum_sorted_closest_target.cpp">
      <Filter>Source Files</Filter>
    </ClCompile>
    <ClCompile Include="Invert_Binary_tree.cpp">
      <Filter>Source Files</Filter>
    </ClCompile>
    <ClCompile Include="MergeInterval.cpp">
      <Filter>Source Files</Filter>
    </ClCompile>
    <ClCompile Include="Longest_substring_uniqueCH.cpp">
      <Filter>Source Files</Filter>
    </ClCompile>
    <ClCompile Include="Tpo_k_frequent_strings.cpp">
      <Filter>Source Files</Filter>
    </ClCompile>
    <ClCompile Include="First_Last_Occurance_number.cpp">
      <Filter>Source Files</Filter>
    </ClCompile>
    <ClCompile Include="Meeting_Room.cpp">
      <Filter>Source Files</Filter>
    </ClCompile>
    <ClCompile Include="Count_Island.cpp">
      <Filter>Source Files</Filter>
    </ClCompile>
    <ClCompile Include="Clone_Graph.cpp">
      <Filter>Source Files</Filter>
    </ClCompile>
    <ClCompile Include="no_of_special_chars.cpp">
      <Filter>Source Files</Filter>
    </ClCompile>
    <ClCompile Include="no_of_sp_ch_lower_before_upper.cpp">
      <Filter>Source Files</Filter>
    </ClCompile>
    <ClCompile Include="sum_between_range_prefix.cpp">
      <Filter>Source Files</Filter>
    </ClCompile>
    <ClCompile Include="Pair_sum_unsorted.cpp">
      <Filter>Source Files</Filter>
    </ClCompile>
    <ClCompile Include="K-sum_Subarrays.cpp">
      <Filter>Source Files</Filter>
    </ClCompile>
    <ClCompile Include="min_element_digit_sum.cpp">
      <Filter>Source Files</Filter>
    </ClCompile>
  </ItemGroup>
</Project>